{
  "name": "TEST",
  "version": "1.0.0",
  "lockfileVersion": 1,
  "requires": true,
  "dependencies": {
    "JSONSelect": {
      "version": "0.4.0",
      "resolved": "https://registry.npm.taobao.org/JSONSelect/download/JSONSelect-0.4.0.tgz"
    },
    "JSV": {
      "version": "4.0.2",
      "resolved": "https://registry.npm.taobao.org/JSV/download/JSV-4.0.2.tgz"
    },
    "amdefine": {
      "version": "1.0.1",
      "resolved": "https://registry.npm.taobao.org/amdefine/download/amdefine-1.0.1.tgz",
      "optional": true
    },
    "ansi-styles": {
      "version": "1.0.0",
      "resolved": "https://registry.npm.taobao.org/ansi-styles/download/ansi-styles-1.0.0.tgz"
    },
    "chalk": {
      "version": "0.4.0",
      "resolved": "https://registry.npm.taobao.org/chalk/download/chalk-0.4.0.tgz?cache=0&sync_timestamp=1591687356178&other_urls=https%3A%2F%2Fregistry.npm.taobao.org%2Fchalk%2Fdownload%2Fchalk-0.4.0.tgz",
      "requires": {
        "ansi-styles": "~1.0.0",
        "has-color": "~0.1.0",
        "strip-ansi": "~0.1.0"
      },
      "dependencies": {
        "ansi-styles": {
          "version": "https://registry.npm.taobao.org/ansi-styles/download/ansi-styles-1.0.0.tgz"
        },
        "has-color": {
          "version": "https://registry.npm.taobao.org/has-color/download/has-color-0.1.7.tgz"
        },
        "strip-ansi": {
          "version": "https://registry.npm.taobao.org/strip-ansi/download/strip-ansi-0.1.1.tgz"
        }
      }
    },
    "cjson": {
      "version": "0.3.0",
      "resolved": "https://registry.npm.taobao.org/cjson/download/cjson-0.3.0.tgz",
      "requires": {
        "jsonlint": "1.6.0"
      },
      "dependencies": {
        "jsonlint": {
          "version": "https://registry.npm.taobao.org/jsonlint/download/jsonlint-1.6.0.tgz"
        }
      }
    },
    "colors": {
      "version": "0.5.1",
      "resolved": "https://registry.npm.taobao.org/colors/download/colors-0.5.1.tgz"
    },
    "ebnf-parser": {
      "version": "0.1.10",
      "resolved": "https://registry.npm.taobao.org/ebnf-parser/download/ebnf-parser-0.1.10.tgz"
    },
    "escodegen": {
      "version": "1.3.3",
      "resolved": "https://registry.npm.taobao.org/escodegen/download/escodegen-1.3.3.tgz?cache=0&sync_timestamp=1592866129129&other_urls=https%3A%2F%2Fregistry.npm.taobao.org%2Fescodegen%2Fdownload%2Fescodegen-1.3.3.tgz",
      "requires": {
        "esprima": "~1.1.1",
        "estraverse": "~1.5.0",
        "esutils": "~1.0.0",
        "source-map": "~0.1.33"
      },
      "dependencies": {
        "esprima": {
          "version": "https://registry.npm.taobao.org/esprima/download/esprima-1.1.1.tgz"
        },
        "estraverse": {
          "version": "https://registry.npm.taobao.org/estraverse/download/estraverse-1.5.1.tgz"
        },
        "esutils": {
          "version": "https://registry.npm.taobao.org/esutils/download/esutils-1.0.0.tgz"
        },
        "source-map": {
          "version": "https://registry.npm.taobao.org/source-map/download/source-map-0.1.43.tgz"
        }
      }
    },
    "esprima": {
      "version": "1.1.1",
      "resolved": "https://registry.npm.taobao.org/esprima/download/esprima-1.1.1.tgz"
    },
    "estraverse": {
      "version": "1.5.1",
      "resolved": "https://registry.npm.taobao.org/estraverse/download/estraverse-1.5.1.tgz"
    },
    "esutils": {
      "version": "1.0.0",
      "resolved": "https://registry.npm.taobao.org/esutils/download/esutils-1.0.0.tgz"
    },
    "has-color": {
      "version": "0.1.7",
      "resolved": "https://registry.npm.taobao.org/has-color/download/has-color-0.1.7.tgz"
    },
    "jison": {
      "version": "0.4.18",
      "resolved": "https://registry.npm.taobao.org/jison/download/jison-0.4.18.tgz",
      "requires": {
        "JSONSelect": "0.4.0",
        "cjson": "0.3.0",
        "ebnf-parser": "0.1.10",
        "escodegen": "1.3.x",
        "esprima": "1.1.x",
        "jison-lex": "0.3.x",
        "lex-parser": "~0.1.3",
        "nomnom": "1.5.2"
      },
      "dependencies": {
        "JSONSelect": {
          "version": "https://registry.npm.taobao.org/JSONSelect/download/JSONSelect-0.4.0.tgz"
        },
        "cjson": {
          "version": "https://registry.npm.taobao.org/cjson/download/cjson-0.3.0.tgz"
        },
        "ebnf-parser": {
          "version": "https://registry.npm.taobao.org/ebnf-parser/download/ebnf-parser-0.1.10.tgz"
        },
        "escodegen": {
          "version": "https://registry.npm.taobao.org/escodegen/download/escodegen-1.3.3.tgz?cache=0&sync_timestamp=1592866129129&other_urls=https%3A%2F%2Fregistry.npm.taobao.org%2Fescodegen%2Fdownload%2Fescodegen-1.3.3.tgz"
        },
        "esprima": {
          "version": "https://registry.npm.taobao.org/esprima/download/esprima-1.1.1.tgz"
        },
        "jison-lex": {
          "version": "https://registry.npm.taobao.org/jison-lex/download/jison-lex-0.3.4.tgz"
        },
        "lex-parser": {
          "version": "https://registry.npm.taobao.org/lex-parser/download/lex-parser-0.1.4.tgz"
        },
        "nomnom": {
          "version": "1.5.2",
          "resolved": "https://registry.npmjs.org/nomnom/-/nomnom-1.5.2.tgz",
          "integrity": "sha1-9DRUSKhTz71cDSYyDyR3qwUm/i8=",
          "requires": {
            "colors": "0.5.x",
            "underscore": "1.1.x"
          }
        },
        "underscore": {
          "version": "1.1.7",
          "resolved": "https://registry.npmjs.org/underscore/-/underscore-1.1.7.tgz",
          "integrity": "sha1-QLq4S60Z0jAJbo1u9ii/8FXYPbA="
        }
      }
    },
    "jison-lex": {
      "version": "0.3.4",
      "resolved": "https://registry.npm.taobao.org/jison-lex/download/jison-lex-0.3.4.tgz",
      "requires": {
        "lex-parser": "0.1.x",
        "nomnom": "1.5.2"
      },
      "dependencies": {
        "lex-parser": {
          "version": "https://registry.npm.taobao.org/lex-parser/download/lex-parser-0.1.4.tgz"
        },
        "nomnom": {
          "version": "1.5.2",
          "resolved": "https://registry.npmjs.org/nomnom/-/nomnom-1.5.2.tgz",
          "integrity": "sha1-9DRUSKhTz71cDSYyDyR3qwUm/i8=",
          "requires": {
            "colors": "0.5.x",
            "underscore": "1.1.x"
          }
        },
        "underscore": {
          "version": "1.1.7",
          "resolved": "https://registry.npmjs.org/underscore/-/underscore-1.1.7.tgz",
          "integrity": "sha1-QLq4S60Z0jAJbo1u9ii/8FXYPbA="
        }
      }
    },
    "jsonlint": {
      "version": "1.6.0",
      "resolved": "https://registry.npm.taobao.org/jsonlint/download/jsonlint-1.6.0.tgz",
      "requires": {
        "JSV": ">= 4.0.x",
        "nomnom": ">= 1.5.x"
      },
      "dependencies": {
        "JSV": {
          "version": "https://registry.npm.taobao.org/JSV/download/JSV-4.0.2.tgz"
        },
        "nomnom": {
          "version": "https://registry.npm.taobao.org/nomnom/download/nomnom-1.8.1.tgz"
        }
      }
    },
    "lex-parser": {
      "version": "0.1.4",
      "resolved": "https://registry.npm.taobao.org/lex-parser/download/lex-parser-0.1.4.tgz"
    },
    "nomnom": {
      "version": "1.8.1",
      "resolved": "https://registry.npm.taobao.org/nomnom/download/nomnom-1.8.1.tgz",
      "requires": {
        "chalk": "~0.4.0",
        "underscore": "~1.6.0"
      },
      "dependencies": {
        "chalk": {
          "version": "https://registry.npm.taobao.org/chalk/download/chalk-0.4.0.tgz?cache=0&sync_timestamp=1591687356178&other_urls=https%3A%2F%2Fregistry.npm.taobao.org%2Fchalk%2Fdownload%2Fchalk-0.4.0.tgz",
          "dependencies": {
            "ansi-styles": {
              "version": "https://registry.npm.taobao.org/ansi-styles/download/ansi-styles-1.0.0.tgz"
            },
            "has-color": {
              "version": "https://registry.npm.taobao.org/has-color/download/has-color-0.1.7.tgz"
            },
            "strip-ansi": {
              "version": "https://registry.npm.taobao.org/strip-ansi/download/strip-ansi-0.1.1.tgz"
            }
          }
        },
        "underscore": {
          "version": "https://registry.npm.taobao.org/underscore/download/underscore-1.6.0.tgz"
        }
      }
    },
    "parser-case": {
      "version": "1.0.7",
      "resolved": "https://registry.npmjs.org/parser-case/-/parser-case-1.0.7.tgz",
      "integrity": "sha512-hRgCeg9tj8HAHE+uFLSoITBol7gNEy7rTjdAE1ZQoQfRlGcm+LZCIn/k66Ai1VL/4JzigtbuRpjf1BtQeyxiHg==",
      "requires": {
        "jison": "^0.4.18"
      }
    },
    "source-map": {
      "version": "0.1.43",
      "resolved": "https://registry.npm.taobao.org/source-map/download/source-map-0.1.43.tgz",
      "optional": true,
      "requires": {
        "amdefine": ">=0.0.4"
      },
      "dependencies": {
        "amdefine": {
          "version": "https://registry.npm.taobao.org/amdefine/download/amdefine-1.0.1.tgz"
        }
      }
    },
    "strip-ansi": {
      "version": "0.1.1",
      "resolved": "https://registry.npm.taobao.org/strip-ansi/download/strip-ansi-0.1.1.tgz"
    },
    "underscore": {
      "version": "1.6.0",
      "resolved": "https://registry.npm.taobao.org/underscore/download/underscore-1.6.0.tgz"
    }
  }
}
